
Microsoft Visual Studio Solution File, Format Version 12.00
Project("{FAE04EC0-301F-11D3-BF4B-00C04F79EFBC}") = "PuzzleConsoleGame", "PuzzleConsoleGame\PuzzleConsoleGame.csproj", "{D3CEDE91-5476-4BD4-81A1-264A5E832422}"
EndProject
Global
	GlobalSection(SolutionConfigurationPlatforms) = preSolution
		Debug|Any CPU = Debug|Any CPU
		Release|Any CPU = Release|Any CPU
	EndGlobalSection
	GlobalSection(ProjectConfigurationPlatforms) = postSolution
		{D3CEDE91-5476-4BD4-81A1-264A5E832422}.Debug|Any CPU.ActiveCfg = Debug|Any CPU
		{D3CEDE91-5476-4BD4-81A1-264A5E832422}.Debug|Any CPU.Build.0 = Debug|Any CPU
		{D3CEDE91-5476-4BD4-81A1-264A5E832422}.Release|Any CPU.ActiveCfg = Release|Any CPU
		{D3CEDE91-5476-4BD4-81A1-264A5E832422}.Release|Any CPU.Build.0 = Release|Any CPU
	EndGlobalSection
EndGlobal
